// !$*UTF8*$!
{
	archiveVersion = 1;
	classes = {
	};
	objectVersion = 50;
	objects = {

/* Begin PBXBuildFile section */
		BF090603251CDBD90042216B /* AppDelegate.swift in Sources */ = {isa = PBXBuildFile; fileRef = BF090602251CDBD90042216B /* AppDelegate.swift */; };
		BF090605251CDBD90042216B /* SceneDelegate.swift in Sources */ = {isa = PBXBuildFile; fileRef = BF090604251CDBD90042216B /* SceneDelegate.swift */; };
		BF090607251CDBD90042216B /* ViewController.swift in Sources */ = {isa = PBXBuildFile; fileRef = BF090606251CDBD90042216B /* ViewController.swift */; };
		BF09060A251CDBD90042216B /* Main.storyboard in Resources */ = {isa = PBXBuildFile; fileRef = BF090608251CDBD90042216B /* Main.storyboard */; };
		BF09060C251CDBDD0042216B /* Assets.xcassets in Resources */ = {isa = PBXBuildFile; fileRef = BF09060B251CDBDD0042216B /* Assets.xcassets */; };
		BF09060F251CDBDD0042216B /* LaunchScreen.storyboard in Resources */ = {isa = PBXBuildFile; fileRef = BF09060D251CDBDD0042216B /* LaunchScreen.storyboard */; };
		BF090618251CDEF70042216B /* data.json in Resources */ = {isa = PBXBuildFile; fileRef = BF090616251CDCB10042216B /* data.json */; };
/* End PBXBuildFile section */

/* Begin PBXFileReference section */
		BF0905FF251CDBD90042216B /* AssignmentAppiness.app */ = {isa = PBXFileReference; explicitFileType = wrapper.application; includeInIndex = 0; path = AssignmentAppiness.app; sourceTree = BUILT_PRODUCTS_DIR; };
		BF090602251CDBD90042216B /* AppDelegate.swift */ = {isa = PBXFileReference; lastKnownFileType = sourcecode.swift; path = AppDelegate.swift; sourceTree = "<group>"; };
		BF090604251CDBD90042216B /* SceneDelegate.swift */ = {isa = PBXFileReference; lastKnownFileType = sourcecode.swift; path = SceneDelegate.swift; sourceTree = "<group>"; };
		BF090606251CDBD90042216B /* ViewController.swift */ = {isa = PBXFileReference; lastKnownFileType = sourcecode.swift; path = ViewController.swift; sourceTree = "<group>"; };
		BF090609251CDBD90042216B /* Base */ = {isa = PBXFileReference; lastKnownFileType = file.storyboard; name = Base; path = Base.lproj/Main.storyboard; sourceTree = "<group>"; };
		BF09060B251CDBDD0042216B /* Assets.xcassets */ = {isa = PBXFileReference; lastKnownFileType = folder.assetcatalog; path = Assets.xcassets; sourceTree = "<group>"; };
		BF09060E251CDBDD0042216B /* Base */ = {isa = PBXFileReference; lastKnownFileType = file.storyboard; name = Base; path = Base.lproj/LaunchScreen.storyboard; sourceTree = "<group>"; };
		BF090610251CDBDD0042216B /* Info.plist */ = {isa = PBXFileReference; lastKnownFileType = text.plist.xml; path = Info.plist; sourceTree = "<group>"; };
		BF090616251CDCB10042216B /* data.json */ = {isa = PBXFileReference; lastKnownFileType = text.json; path = data.json; sourceTree = "<group>"; };
/* End PBXFileReference section */

/* Begin PBXFrameworksBuildPhase section */
		BF0905FC251CDBD90042216B /* Frameworks */ = {
			isa = PBXFrameworksBuildPhase;
			buildActionMask = 2147483647;
			files = (
			);
			runOnlyForDeploymentPostprocessing = 0;
		};
/* End PBXFrameworksBuildPhase section */

/* Begin PBXGroup section */
		BF0905F6251CDBD90042216B = {
			isa = PBXGroup;
			children = (
				BF090601251CDBD90042216B /* AssignmentAppiness */,
				BF090600251CDBD90042216B /* Products */,
			);
			sourceTree = "<group>";
		};
		BF090600251CDBD90042216B /* Products */ = {
			isa = PBXGroup;
			children = (
				BF0905FF251CDBD90042216B /* AssignmentAppiness.app */,
			);
			name = Products;
			sourceTree = "<group>";
		};
		BF090601251CDBD90042216B /* AssignmentAppiness */ = {
			isa = PBXGroup;
			children = (
				BF090602251CDBD90042216B /* AppDelegate.swift */,
				BF090604251CDBD90042216B /* SceneDelegate.swift */,
				BF090606251CDBD90042216B /* ViewController.swift */,
				BF090616251CDCB10042216B /* data.json */,
				BF090608251CDBD90042216B /* Main.storyboard */,
				BF09060B251CDBDD0042216B /* Assets.xcassets */,
				BF09060D251CDBDD0042216B /* LaunchScreen.storyboard */,
				BF090610251CDBDD0042216B /* Info.plist */,
			);
			path = AssignmentAppiness;
			sourceTree = "<group>";
		};
/* End PBXGroup section */

/* Begin PBXNativeTarget section */
		BF0905FE251CDBD90042216B /* AssignmentAppiness */ = {
			isa = PBXNativeTarget;
			buildConfigurationList = BF090613251CDBDD0042216B /* Build configuration list for PBXNativeTarget "AssignmentAppiness" */;
			buildPhases = (
				BF0905FB251CDBD90042216B /* Sources */,
				BF0905FC251CDBD90042216B /* Frameworks */,
				BF0905FD251CDBD90042216B /* Resources */,
			);
			buildRules = (
			);
			dependencies = (
			);
			name = AssignmentAppiness;
			productName = AssignmentAppiness;
			productReference = BF0905FF251CDBD90042216B /* AssignmentAppiness.app */;
			productType = "com.apple.product-type.application";
		};
/* End PBXNativeTarget section */

/* Begin PBXProject section */
		BF0905F7251CDBD90042216B /* Project object */ = {
			isa = PBXProject;
			attributes = {
				LastSwiftUpdateCheck = 1130;
				LastUpgradeCheck = 1130;
				ORGANIZATIONNAME = User;
				TargetAttributes = {
					BF0905FE251CDBD90042216B = {
						CreatedOnToolsVersion = 11.3.1;
					};
				};
			};
			buildConfigurationList = BF0905FA251CDBD90042216B /* Build configuration list for PBXProject "AssignmentAppiness" */;
			compatibilityVersion = "Xcode 9.3";
			developmentRegion = en;
			hasScannedForEncodings = 0;
			knownRegions = (
				en,
				Base,
			);
			mainGroup = BF0905F6251CDBD90042216B;
			productRefGroup = BF090600251CDBD90042216B /* Products */;
			projectDirPath = "";
			projectRoot = "";
			targets = (
				BF0905FE251CDBD90042216B /* AssignmentAppiness */,
			);
		};
/* End PBXProject section */

/* Begin PBXResourcesBuildPhase section */
		BF0905FD251CDBD90042216B /* Resources */ = {
			isa = PBXResourcesBuildPhase;
			buildActionMask = 2147483647;
			files = (
				BF090618251CDEF70042216B /* data.json in Resources */,
				BF09060F251CDBDD0042216B /* LaunchScreen.storyboard in Resources */,
				BF09060C251CDBDD0042216B /* Assets.xcassets in Resources */,
				BF09060A251CDBD90042216B /* Main.storyboard in Resources */,
			);
			runOnlyForDeploymentPostprocessing = 0;
		};
/* End PBXResourcesBuildPhase section */

/* Begin PBXSourcesBuildPhase section */
		BF0905FB251CDBD90042216B /* Sources */ = {
			isa = PBXSourcesBuildPhase;
			buildActionMask = 2147483647;
			files = (
				BF090607251CDBD90042216B /* ViewController.swift in Sources */,
				BF090603251CDBD90042216B /* AppDelegate.swift in Sources */,
				BF090605251CDBD90042216B /* SceneDelegate.swift in Sources */,
			);
			runOnlyForDeploymentPostprocessing = 0;
		};
/* End PBXSourcesBuildPhase section */

/* Begin PBXVariantGroup section */
		BF090608251CDBD90042216B /* Main.storyboard */ = {
			isa = PBXVariantGroup;
			children = (
				BF090609251CDBD90042216B /* Base */,
			);
			name = Main.storyboard;
			sourceTree = "<group>";
		};
		BF09060D251CDBDD0042216B /* LaunchScreen.storyboard */ = {
			isa = PBXVariantGroup;
			children = (
				BF09060E251CDBDD0042216B /* Base */,
			);
			name = LaunchScreen.storyboard;
			sourceTree = "<group>";
		};
/* End PBXVariantGroup section */

/* Begin XCBuildConfiguration section */
		BF090611251CDBDD0042216B /* Debug */ = {
			isa = XCBuildConfiguration;
			buildSettings = {
				ALWAYS_SEARCH_USER_PATHS = NO;
				CLANG_ANALYZER_NONNULL = YES;
				CLANG_ANALYZER_NUMBER_OBJECT_CONVERSION = YES_AGGRESSIVE;
				CLANG_CXX_LANGUAGE_STANDARD = "gnu++14";
				CLANG_CXX_LIBRARY = "libc++";
				CLANG_ENABLE_MODULES = YES;
				CLANG_ENABLE_OBJC_ARC = YES;
				CLANG_ENABLE_OBJC_WEAK = YES;
				CLANG_WARN_BLOCK_CAPTURE_AUTORELEASING = YES;
				CLANG_WARN_BOOL_CONVERSION = YES;
				CLANG_WARN_COMMA = YES;
				CLANG_WARN_CONSTANT_CONVERSION = YES;
				CLANG_WARN_DEPRECATED_OBJC_IMPLEMENTATIONS = YES;
				CLANG_WARN_DIRECT_OBJC_ISA_USAGE = YES_ERROR;
				CLANG_WARN_DOCUMENTATION_COMMENTS = YES;
				CLANG_WARN_EMPTY_BODY = YES;
				CLANG_WARN_ENUM_CONVERSION = YES;
				CLANG_WARN_INFINITE_RECURSION = YES;
				CLANG_WARN_INT_CONVERSION = YES;
				CLANG_WARN_NON_LITERAL_NULL_CONVERSION = YES;
				CLANG_WARN_OBJC_IMPLICIT_RETAIN_SELF = YES;
				CLANG_WARN_OBJC_LITERAL_CONVERSION = YES;
				CLANG_WARN_OBJC_ROOT_CLASS = YES_ERROR;
				CLANG_WARN_RANGE_LOOP_ANALYSIS = YES;
				CLANG_WARN_STRICT_PROTOTYPES = YES;
				CLANG_WARN_SUSPICIOUS_MOVE = YES;
				CLANG_WARN_UNGUARDED_AVAILABILITY = YES_AGGRESSIVE;
				CLANG_WARN_UNREACHABLE_CODE = YES;
				CLANG_WARN__DUPLICATE_METHOD_MATCH = YES;
				COPY_PHASE_STRIP = NO;
				DEBUG_INFORMATION_FORMAT = dwarf;
				ENABLE_STRICT_OBJC_MSGSEND = YES;
				ENABLE_TESTABILITY = YES;
				GCC_C_LANGUAGE_STANDARD = gnu11;
				GCC_DYNAMIC_NO_PIC = NO;
				GCC_NO_COMMON_BLOCKS = YES;
				GCC_OPTIMIZATION_LEVEL = 0;
				GCC_PREPROCESSOR_DEFINITIONS = (
					"DEBUG=1",
					"$(inherited)",
				);
				GCC_WARN_64_TO_32_BIT_CONVERSION = YES;
				GCC_WARN_ABOUT_RETURN_TYPE = YES_ERROR;
				GCC_WARN_UNDECLARED_SELECTOR = YES;
				GCC_WARN_UNINITIALIZED_AUTOS = YES_AGGRESSIVE;
				GCC_WARN_UNUSED_FUNCTION = YES;
				GCC_WARN_UNUSED_VARIABLE = YES;
				IPHONEOS_DEPLOYMENT_TARGET = 13.2;
				MTL_ENABLE_DEBUG_INFO = INCLUDE_SOURCE;
				MTL_FAST_MATH = YES;
				ONLY_ACTIVE_ARCH = YES;
				SDKROOT = iphoneos;
				SWIFT_ACTIVE_COMPILATION_CONDITIONS = DEBUG;
				SWIFT_OPTIMIZATION_LEVEL = "-Onone";
			};
			name = Debug;
		};
		BF090612251CDBDD0042216B /* Release */ = {
			isa = XCBuildConfiguration;
			buildSettings = {
				ALWAYS_SEARCH_USER_PATHS = NO;
				CLANG_ANALYZER_NONNULL = YES;
				CLANG_ANALYZER_NUMBER_OBJECT_CONVERSION = YES_AGGRESSIVE;
				CLANG_CXX_LANGUAGE_STANDARD = "gnu++14";
				CLANG_CXX_LIBRARY = "libc++";
				CLANG_ENABLE_MODULES = YES;
				CLANG_ENABLE_OBJC_ARC = YES;
				CLANG_ENABLE_OBJC_WEAK = YES;
				CLANG_WARN_BLOCK_CAPTURE_AUTORELEASING = YES;
				CLANG_WARN_BOOL_CONVERSION = YES;
				CLANG_WARN_COMMA = YES;
				CLANG_WARN_CONSTANT_CONVERSION = YES;
				CLANG_WARN_DEPRECATED_OBJC_IMPLEMENTATIONS = YES;
				CLANG_WARN_DIRECT_OBJC_ISA_USAGE = YES_ERROR;
				CLANG_WARN_DOCUMENTATION_COMMENTS = YES;
				CLANG_WARN_EMPTY_BODY = YES;
				CLANG_WARN_ENUM_CONVERSION = YES;
				CLANG_WARN_INFINITE_RECURSION = YES;
				CLANG_WARN_INT_CONVERSION = YES;
				CLANG_WARN_NON_LITERAL_NULL_CONVERSION = YES;
				CLANG_WARN_OBJC_IMPLICIT_RETAIN_SELF = YES;
				CLANG_WARN_OBJC_LITERAL_CONVERSION = YES;
				CLANG_WARN_OBJC_ROOT_CLASS = YES_ERROR;
				CLANG_WARN_RANGE_LOOP_ANALYSIS = YES;
				CLANG_WARN_STRICT_PROTOTYPES = YES;
				CLANG_WARN_SUSPICIOUS_MOVE = YES;
				CLANG_WARN_UNGUARDED_AVAILABILITY = YES_AGGRESSIVE;
				CLANG_WARN_UNREACHABLE_CODE = YES;
				CLANG_WARN__DUPLICATE_METHOD_MATCH = YES;
				COPY_PHASE_STRIP = NO;
				DEBUG_INFORMATION_FORMAT = "dwarf-with-dsym";
				ENABLE_NS_ASSERTIONS = NO;
				ENABLE_STRICT_OBJC_MSGSEND = YES;
				GCC_C_LANGUAGE_STANDARD = gnu11;
				GCC_NO_COMMON_BLOCKS = YES;
				GCC_WARN_64_TO_32_BIT_CONVERSION = YES;
				GCC_WARN_ABOUT_RETURN_TYPE = YES_ERROR;
				GCC_WARN_UNDECLARED_SELECTOR = YES;
				GCC_WARN_UNINITIALIZED_AUTOS = YES_AGGRESSIVE;
				GCC_WARN_UNUSED_FUNCTION = YES;
				GCC_WARN_UNUSED_VARIABLE = YES;
				IPHONEOS_DEPLOYMENT_TARGET = 13.2;
				MTL_ENABLE_DEBUG_INFO = NO;
				MTL_FAST_MATH = YES;
				SDKROOT = iphoneos;
				SWIFT_COMPILATION_MODE = wholemodule;
				SWIFT_OPTIMIZATION_LEVEL = "-O";
				VALIDATE_PRODUCT = YES;
			};
			name = Release;
		};
		BF090614251CDBDD0042216B /* Debug */ = {
			isa = XCBuildConfiguration;
			buildSettings = {
				ASSETCATALOG_COMPILER_APPICON_NAME = AppIcon;
				CODE_SIGN_STYLE = Automatic;
				INFOPLIST_FILE = AssignmentAppiness/Info.plist;
				LD_RUNPATH_SEARCH_PATHS = (
					"$(inherited)",
					"@executable_path/Frameworks",
				);
				PRODUCT_BUNDLE_IDENTIFIER = Sunil.AssignmentAppiness;
				PRODUCT_NAME = "$(TARGET_NAME)";
				SWIFT_VERSION = 5.0;
				TARGETED_DEVICE_FAMILY = "1,2";
			};
			name = Debug;
		};
		BF090615251CDBDD0042216B /* Release */ = {
			isa = XCBuildConfiguration;
			buildSettings = {
				ASSETCATALOG_COMPILER_APPICON_NAME = AppIcon;
				CODE_SIGN_STYLE = Automatic;
				INFOPLIST_FILE = AssignmentAppiness/Info.plist;
				LD_RUNPATH_SEARCH_PATHS = (
					"$(inherited)",
					"@executable_path/Frameworks",
				);
				PRODUCT_BUNDLE_IDENTIFIER = Sunil.AssignmentAppiness;
				PRODUCT_NAME = "$(TARGET_NAME)";
				SWIFT_VERSION = 5.0;
				TARGETED_DEVICE_FAMILY = "1,2";
			};
			name = Release;
		};
/* End XCBuildConfiguration section */

/* Begin XCConfigurationList section */
		BF0905FA251CDBD90042216B /* Build configuration list for PBXProject "AssignmentAppiness" */ = {
			isa = XCConfigurationList;
			buildConfigurations = (
				BF090611251CDBDD0042216B /* Debug */,
				BF090612251CDBDD0042216B /* Release */,
			);
			defaultConfigurationIsVisible = 0;
			defaultConfigurationName = Release;
		};
		BF090613251CDBDD0042216B /* Build configuration list for PBXNativeTarget "AssignmentAppiness" */ = {
			isa = XCConfigurationList;
			buildConfigurations = (
				BF090614251CDBDD0042216B /* Debug */,
				BF090615251CDBDD0042216B /* Release */,
			);
			defaultConfigurationIsVisible = 0;
			defaultConfigurationName = Release;
		};
/* End XCConfigurationList section */
	};
	rootObject = BF0905F7251CDBD90042216B /* Project object */;
}
